[[package]]
category = "main"
description = "Utilities based on Pythons iterators and generators."
name = "iteration-utilities"
optional = false
python-versions = ">=3.5"
version = "0.10.1"

[package.extras]
all = ["pytest", "sphinx", "numpydoc"]
doc = ["sphinx", "numpydoc"]
test = ["pytest"]

[[package]]
category = "main"
description = "Python Imaging Library (Fork)"
name = "pillow"
optional = false
python-versions = ">=3.5"
version = "7.0.0"

[[package]]
category = "main"
description = "Module enablig a sh like infix syntax (using pipes)"
name = "pipe"
optional = false
python-versions = "*"
version = "1.6.0"

[[package]]
category = "main"
description = "Python-tesseract is a python wrapper for Google's Tesseract-OCR"
name = "pytesseract"
optional = false
python-versions = "*"
version = "0.3.2"

[package.dependencies]
Pillow = "*"

[metadata]
content-hash = "e0ee68f4de153ad63340f09a4f07ad75f79f702e9ded56c3f29f5d34ad7e1985"
python-versions = "^3.8"

[metadata.files]
iteration-utilities = [
    {file = "iteration_utilities-0.10.1-cp35-cp35m-manylinux1_i686.whl", hash = "sha256:958c2aa52795d1100d9caffc3ed6aeda0e23577e3bc5694b3c8b6177c85fa57d"},
    {file = "iteration_utilities-0.10.1-cp35-cp35m-manylinux1_x86_64.whl", hash = "sha256:209e8a7b224445b66e8114392d7c8be7dc16a5d8d9cbdfca05592c460e037ad0"},
    {file = "iteration_utilities-0.10.1-cp35-cp35m-manylinux2010_x86_64.whl", hash = "sha256:2fdd48be4cd26df65b7687761407e7d2cd7c9c4f50c9da2f6e0eda48d07a6523"},
    {file = "iteration_utilities-0.10.1-cp36-cp36m-macosx_10_13_x86_64.whl", hash = "sha256:a64e08b510c7599b6819a56634aa2b1049207e4402d7ff99f9d4931fd6453e0e"},
    {file = "iteration_utilities-0.10.1-cp36-cp36m-manylinux1_i686.whl", hash = "sha256:aa36a008900f3bedbb62407ffd4a5acd45f7332979a9be93a3d9f501e1fbbdb0"},
    {file = "iteration_utilities-0.10.1-cp36-cp36m-manylinux1_x86_64.whl", hash = "sha256:6795db5161de263d606940a1994ab599ad608f6c0ff3229591776bb6898c0b8e"},
    {file = "iteration_utilities-0.10.1-cp36-cp36m-manylinux2010_x86_64.whl", hash = "sha256:37b0f69583560f6c874b7bb7eb20ccaa6ee1a30858bee4e2d252ca6e8da744e0"},
    {file = "iteration_utilities-0.10.1-cp36-cp36m-win32.whl", hash = "sha256:0128d3a4de0fada287304c603eee5cb09a454be7c708eee2330232791422afff"},
    {file = "iteration_utilities-0.10.1-cp36-cp36m-win_amd64.whl", hash = "sha256:a985a46a05ff93e16966afd115c89bea5ddd8628593ac11a5208ac46ba69a120"},
    {file = "iteration_utilities-0.10.1-cp37-cp37m-macosx_10_13_x86_64.whl", hash = "sha256:fb3071c217f26f1cd3eb00f017522fb2366ce1cd8a9aa26b5786ea273faba61a"},
    {file = "iteration_utilities-0.10.1-cp37-cp37m-manylinux1_i686.whl", hash = "sha256:ab514ba77e5bcde7f9950c481d4375b0a8936a96d242b3f05031bd9c4abf85cc"},
    {file = "iteration_utilities-0.10.1-cp37-cp37m-manylinux1_x86_64.whl", hash = "sha256:823573874438f947e003483e682d3d4e133098efbd073be03aa63f69113e957a"},
    {file = "iteration_utilities-0.10.1-cp37-cp37m-manylinux2010_x86_64.whl", hash = "sha256:8bc6bb9ec4ac8a93dc0c6eb8eb6eab454b42dfa1f4caf9e90eb2774d6f5874c3"},
    {file = "iteration_utilities-0.10.1-cp37-cp37m-win32.whl", hash = "sha256:20463e245382ba3ae245f106b6b5b2785461ad09d50bf7ba3e856493fea31feb"},
    {file = "iteration_utilities-0.10.1-cp37-cp37m-win_amd64.whl", hash = "sha256:fbb7d325bf425f2a6090382b24ad3d596cbaf4cfcce826f409253116dc8f2c61"},
    {file = "iteration_utilities-0.10.1-cp38-cp38-macosx_10_13_x86_64.whl", hash = "sha256:1ffd5c005ef6bc6f16477b97b2f45426b59a519bb4fee7439089b2c02941f8ca"},
    {file = "iteration_utilities-0.10.1-cp38-cp38-manylinux1_i686.whl", hash = "sha256:2e4b879e8ef248741eac50095e09437014e6e96768dba15bceff9689a8931c72"},
    {file = "iteration_utilities-0.10.1-cp38-cp38-manylinux1_x86_64.whl", hash = "sha256:952afb5a8d41211ffde7fe88178aaf76745a9024ada7d093ce4949d905e3321c"},
    {file = "iteration_utilities-0.10.1-cp38-cp38-manylinux2010_x86_64.whl", hash = "sha256:e634c9d1f9f4c2276617e6c106ce7b3a36db83aa68d75a59a010a2fc242375f4"},
    {file = "iteration_utilities-0.10.1-cp38-cp38-win32.whl", hash = "sha256:82bd428ae468b01230d5415f98373256067cf17ce7f754f031f1c7f43e322f52"},
    {file = "iteration_utilities-0.10.1-cp38-cp38-win_amd64.whl", hash = "sha256:8233731c39d614b4939557fa409b57fe136c7570aa54d57bffe0271fe9682424"},
    {file = "iteration_utilities-0.10.1.tar.gz", hash = "sha256:536e3e87c5c139c775f9d95bb771c4b366a1d58eb7a39436d4ac839b53742569"},
]
pillow = [
    {file = "Pillow-7.0.0-cp35-cp35m-macosx_10_6_intel.whl", hash = "sha256:5f3546ceb08089cedb9e8ff7e3f6a7042bb5b37c2a95d392fb027c3e53a2da00"},
    {file = "Pillow-7.0.0-cp35-cp35m-manylinux1_i686.whl", hash = "sha256:9d2ba4ed13af381233e2d810ff3bab84ef9f18430a9b336ab69eaf3cd24299ff"},
    {file = "Pillow-7.0.0-cp35-cp35m-manylinux1_x86_64.whl", hash = "sha256:ff3797f2f16bf9d17d53257612da84dd0758db33935777149b3334c01ff68865"},
    {file = "Pillow-7.0.0-cp35-cp35m-win32.whl", hash = "sha256:c18f70dc27cc5d236f10e7834236aff60aadc71346a5bc1f4f83a4b3abee6386"},
    {file = "Pillow-7.0.0-cp35-cp35m-win_amd64.whl", hash = "sha256:875358310ed7abd5320f21dd97351d62de4929b0426cdb1eaa904b64ac36b435"},
    {file = "Pillow-7.0.0-cp36-cp36m-macosx_10_6_intel.whl", hash = "sha256:ab76e5580b0ed647a8d8d2d2daee170e8e9f8aad225ede314f684e297e3643c2"},
    {file = "Pillow-7.0.0-cp36-cp36m-manylinux1_i686.whl", hash = "sha256:a62ec5e13e227399be73303ff301f2865bf68657d15ea50b038d25fc41097317"},
    {file = "Pillow-7.0.0-cp36-cp36m-manylinux1_x86_64.whl", hash = "sha256:8ac6ce7ff3892e5deaab7abaec763538ffd011f74dc1801d93d3c5fc541feee2"},
    {file = "Pillow-7.0.0-cp36-cp36m-win32.whl", hash = "sha256:91b710e3353aea6fc758cdb7136d9bbdcb26b53cefe43e2cba953ac3ee1d3313"},
    {file = "Pillow-7.0.0-cp36-cp36m-win_amd64.whl", hash = "sha256:bf598d2e37cf8edb1a2f26ed3fb255191f5232badea4003c16301cb94ac5bdd0"},
    {file = "Pillow-7.0.0-cp37-cp37m-macosx_10_6_intel.whl", hash = "sha256:5bfef0b1cdde9f33881c913af14e43db69815c7e8df429ceda4c70a5e529210f"},
    {file = "Pillow-7.0.0-cp37-cp37m-manylinux1_i686.whl", hash = "sha256:dc058b7833184970d1248135b8b0ab702e6daa833be14035179f2acb78ff5636"},
    {file = "Pillow-7.0.0-cp37-cp37m-manylinux1_x86_64.whl", hash = "sha256:c5ed816632204a2fc9486d784d8e0d0ae754347aba99c811458d69fcdfd2a2f9"},
    {file = "Pillow-7.0.0-cp37-cp37m-win32.whl", hash = "sha256:54ebae163e8412aff0b9df1e88adab65788f5f5b58e625dc5c7f51eaf14a6837"},
    {file = "Pillow-7.0.0-cp37-cp37m-win_amd64.whl", hash = "sha256:87269cc6ce1e3dee11f23fa515e4249ae678dbbe2704598a51cee76c52e19cda"},
    {file = "Pillow-7.0.0-cp38-cp38-macosx_10_9_x86_64.whl", hash = "sha256:0a628977ac2e01ca96aaae247ec2bd38e729631ddf2221b4b715446fd45505be"},
    {file = "Pillow-7.0.0-cp38-cp38-manylinux1_i686.whl", hash = "sha256:62a889aeb0a79e50ecf5af272e9e3c164148f4bd9636cc6bcfa182a52c8b0533"},
    {file = "Pillow-7.0.0-cp38-cp38-manylinux1_x86_64.whl", hash = "sha256:bf4003aa538af3f4205c5fac56eacaa67a6dd81e454ffd9e9f055fff9f1bc614"},
    {file = "Pillow-7.0.0-cp38-cp38-win32.whl", hash = "sha256:7406f5a9b2fd966e79e6abdaf700585a4522e98d6559ce37fc52e5c955fade0a"},
    {file = "Pillow-7.0.0-cp38-cp38-win_amd64.whl", hash = "sha256:5f7ae9126d16194f114435ebb79cc536b5682002a4fa57fa7bb2cbcde65f2f4d"},
    {file = "Pillow-7.0.0-pp373-pypy36_pp73-win32.whl", hash = "sha256:8453f914f4e5a3d828281a6628cf517832abfa13ff50679a4848926dac7c0358"},
    {file = "Pillow-7.0.0.tar.gz", hash = "sha256:4d9ed9a64095e031435af120d3c910148067087541131e82b3e8db302f4c8946"},
]
pipe = [
    {file = "pipe-1.6.0-py2.py3-none-any.whl", hash = "sha256:cb89e7c553d819e97fa912afaf592c2553fa7b92c047c47772b4a96ef59c8825"},
    {file = "pipe-1.6.0.tar.gz", hash = "sha256:9bec3a88f8829f5074507795bc633603d61c025c88069f4d865018c721c6aa31"},
]
pytesseract = [
    {file = "pytesseract-0.3.2.tar.gz", hash = "sha256:a8c3b74977e8fba6387f483f91f35e59e2ae7f34dfeff2028dc83adcd2afd0ac"},
]
