[[package]]
name = "iteration-utilities"
version = "0.10.1"
description = "Utilities based on Pythons iterators and generators."
category = "main"
optional = false
python-versions = ">=3.5"

[package.extras]
all = ["pytest", "sphinx", "numpydoc"]
doc = ["sphinx", "numpydoc"]
test = ["pytest"]

[[package]]
name = "pillow"
version = "8.3.2"
description = "Python Imaging Library (Fork)"
category = "main"
optional = false
python-versions = ">=3.6"

[[package]]
name = "pipe"
version = "1.6.0"
description = "Module enablig a sh like infix syntax (using pipes)"
category = "main"
optional = false
python-versions = "*"

[[package]]
name = "pudb"
version = "2019.2"
description = "A full-screen, console-based Python debugger"
category = "dev"
optional = false
python-versions = "*"

[package.dependencies]
pygments = ">=1.0"
urwid = ">=1.1.1"

[[package]]
name = "pygments"
version = "2.6.1"
description = "Pygments is a syntax highlighting package written in Python."
category = "dev"
optional = false
python-versions = ">=3.5"

[[package]]
name = "pytesseract"
version = "0.3.3"
description = "Python-tesseract is a python wrapper for Google's Tesseract-OCR"
category = "main"
optional = false
python-versions = "*"

[package.dependencies]
Pillow = "*"

[[package]]
name = "urwid"
version = "2.1.0"
description = "A full-featured console (xterm et al.) user interface library"
category = "dev"
optional = false
python-versions = "*"

[metadata]
lock-version = "1.1"
python-versions = "^3.8"
content-hash = "062f8b514fb595d3e8b29de3ad32a70079ea90fd9b9a32fd4dc58f3e0cc3d7a9"

[metadata.files]
iteration-utilities = [
    {file = "iteration_utilities-0.10.1-cp35-cp35m-manylinux1_i686.whl", hash = "sha256:958c2aa52795d1100d9caffc3ed6aeda0e23577e3bc5694b3c8b6177c85fa57d"},
    {file = "iteration_utilities-0.10.1-cp35-cp35m-manylinux1_x86_64.whl", hash = "sha256:209e8a7b224445b66e8114392d7c8be7dc16a5d8d9cbdfca05592c460e037ad0"},
    {file = "iteration_utilities-0.10.1-cp35-cp35m-manylinux2010_x86_64.whl", hash = "sha256:2fdd48be4cd26df65b7687761407e7d2cd7c9c4f50c9da2f6e0eda48d07a6523"},
    {file = "iteration_utilities-0.10.1-cp36-cp36m-macosx_10_13_x86_64.whl", hash = "sha256:a64e08b510c7599b6819a56634aa2b1049207e4402d7ff99f9d4931fd6453e0e"},
    {file = "iteration_utilities-0.10.1-cp36-cp36m-manylinux1_i686.whl", hash = "sha256:aa36a008900f3bedbb62407ffd4a5acd45f7332979a9be93a3d9f501e1fbbdb0"},
    {file = "iteration_utilities-0.10.1-cp36-cp36m-manylinux1_x86_64.whl", hash = "sha256:6795db5161de263d606940a1994ab599ad608f6c0ff3229591776bb6898c0b8e"},
    {file = "iteration_utilities-0.10.1-cp36-cp36m-manylinux2010_x86_64.whl", hash = "sha256:37b0f69583560f6c874b7bb7eb20ccaa6ee1a30858bee4e2d252ca6e8da744e0"},
    {file = "iteration_utilities-0.10.1-cp36-cp36m-win32.whl", hash = "sha256:0128d3a4de0fada287304c603eee5cb09a454be7c708eee2330232791422afff"},
    {file = "iteration_utilities-0.10.1-cp36-cp36m-win_amd64.whl", hash = "sha256:a985a46a05ff93e16966afd115c89bea5ddd8628593ac11a5208ac46ba69a120"},
    {file = "iteration_utilities-0.10.1-cp37-cp37m-macosx_10_13_x86_64.whl", hash = "sha256:fb3071c217f26f1cd3eb00f017522fb2366ce1cd8a9aa26b5786ea273faba61a"},
    {file = "iteration_utilities-0.10.1-cp37-cp37m-manylinux1_i686.whl", hash = "sha256:ab514ba77e5bcde7f9950c481d4375b0a8936a96d242b3f05031bd9c4abf85cc"},
    {file = "iteration_utilities-0.10.1-cp37-cp37m-manylinux1_x86_64.whl", hash = "sha256:823573874438f947e003483e682d3d4e133098efbd073be03aa63f69113e957a"},
    {file = "iteration_utilities-0.10.1-cp37-cp37m-manylinux2010_x86_64.whl", hash = "sha256:8bc6bb9ec4ac8a93dc0c6eb8eb6eab454b42dfa1f4caf9e90eb2774d6f5874c3"},
    {file = "iteration_utilities-0.10.1-cp37-cp37m-win32.whl", hash = "sha256:20463e245382ba3ae245f106b6b5b2785461ad09d50bf7ba3e856493fea31feb"},
    {file = "iteration_utilities-0.10.1-cp37-cp37m-win_amd64.whl", hash = "sha256:fbb7d325bf425f2a6090382b24ad3d596cbaf4cfcce826f409253116dc8f2c61"},
    {file = "iteration_utilities-0.10.1-cp38-cp38-macosx_10_13_x86_64.whl", hash = "sha256:1ffd5c005ef6bc6f16477b97b2f45426b59a519bb4fee7439089b2c02941f8ca"},
    {file = "iteration_utilities-0.10.1-cp38-cp38-manylinux1_i686.whl", hash = "sha256:2e4b879e8ef248741eac50095e09437014e6e96768dba15bceff9689a8931c72"},
    {file = "iteration_utilities-0.10.1-cp38-cp38-manylinux1_x86_64.whl", hash = "sha256:952afb5a8d41211ffde7fe88178aaf76745a9024ada7d093ce4949d905e3321c"},
    {file = "iteration_utilities-0.10.1-cp38-cp38-manylinux2010_x86_64.whl", hash = "sha256:e634c9d1f9f4c2276617e6c106ce7b3a36db83aa68d75a59a010a2fc242375f4"},
    {file = "iteration_utilities-0.10.1-cp38-cp38-win32.whl", hash = "sha256:82bd428ae468b01230d5415f98373256067cf17ce7f754f031f1c7f43e322f52"},
    {file = "iteration_utilities-0.10.1-cp38-cp38-win_amd64.whl", hash = "sha256:8233731c39d614b4939557fa409b57fe136c7570aa54d57bffe0271fe9682424"},
    {file = "iteration_utilities-0.10.1.tar.gz", hash = "sha256:536e3e87c5c139c775f9d95bb771c4b366a1d58eb7a39436d4ac839b53742569"},
]
pillow = [
    {file = "Pillow-8.3.2-cp310-cp310-macosx_10_10_universal2.whl", hash = "sha256:c691b26283c3a31594683217d746f1dad59a7ae1d4cfc24626d7a064a11197d4"},
    {file = "Pillow-8.3.2-cp310-cp310-macosx_11_0_arm64.whl", hash = "sha256:f514c2717012859ccb349c97862568fdc0479aad85b0270d6b5a6509dbc142e2"},
    {file = "Pillow-8.3.2-cp310-cp310-manylinux_2_17_aarch64.manylinux2014_aarch64.whl", hash = "sha256:be25cb93442c6d2f8702c599b51184bd3ccd83adebd08886b682173e09ef0c3f"},
    {file = "Pillow-8.3.2-cp310-cp310-manylinux_2_17_i686.manylinux2014_i686.whl", hash = "sha256:d675a876b295afa114ca8bf42d7f86b5fb1298e1b6bb9a24405a3f6c8338811c"},
    {file = "Pillow-8.3.2-cp310-cp310-manylinux_2_17_x86_64.manylinux2014_x86_64.whl", hash = "sha256:59697568a0455764a094585b2551fd76bfd6b959c9f92d4bdec9d0e14616303a"},
    {file = "Pillow-8.3.2-cp310-cp310-win32.whl", hash = "sha256:2d5e9dc0bf1b5d9048a94c48d0813b6c96fccfa4ccf276d9c36308840f40c228"},
    {file = "Pillow-8.3.2-cp310-cp310-win_amd64.whl", hash = "sha256:11c27e74bab423eb3c9232d97553111cc0be81b74b47165f07ebfdd29d825875"},
    {file = "Pillow-8.3.2-cp36-cp36m-macosx_10_10_x86_64.whl", hash = "sha256:11eb7f98165d56042545c9e6db3ce394ed8b45089a67124298f0473b29cb60b2"},
    {file = "Pillow-8.3.2-cp36-cp36m-manylinux_2_17_aarch64.manylinux2014_aarch64.whl", hash = "sha256:2f23b2d3079522fdf3c09de6517f625f7a964f916c956527bed805ac043799b8"},
    {file = "Pillow-8.3.2-cp36-cp36m-manylinux_2_17_i686.manylinux2014_i686.whl", hash = "sha256:19ec4cfe4b961edc249b0e04b5618666c23a83bc35842dea2bfd5dfa0157f81b"},
    {file = "Pillow-8.3.2-cp36-cp36m-manylinux_2_17_x86_64.manylinux2014_x86_64.whl", hash = "sha256:e5a31c07cea5edbaeb4bdba6f2b87db7d3dc0f446f379d907e51cc70ea375629"},
    {file = "Pillow-8.3.2-cp36-cp36m-manylinux_2_5_i686.manylinux1_i686.whl", hash = "sha256:15ccb81a6ffc57ea0137f9f3ac2737ffa1d11f786244d719639df17476d399a7"},
    {file = "Pillow-8.3.2-cp36-cp36m-manylinux_2_5_x86_64.manylinux1_x86_64.whl", hash = "sha256:8f284dc1695caf71a74f24993b7c7473d77bc760be45f776a2c2f4e04c170550"},
    {file = "Pillow-8.3.2-cp36-cp36m-win32.whl", hash = "sha256:4abc247b31a98f29e5224f2d31ef15f86a71f79c7f4d2ac345a5d551d6393073"},
    {file = "Pillow-8.3.2-cp36-cp36m-win_amd64.whl", hash = "sha256:a048dad5ed6ad1fad338c02c609b862dfaa921fcd065d747194a6805f91f2196"},
    {file = "Pillow-8.3.2-cp37-cp37m-macosx_10_10_x86_64.whl", hash = "sha256:06d1adaa284696785375fa80a6a8eb309be722cf4ef8949518beb34487a3df71"},
    {file = "Pillow-8.3.2-cp37-cp37m-manylinux_2_17_aarch64.manylinux2014_aarch64.whl", hash = "sha256:bd24054aaf21e70a51e2a2a5ed1183560d3a69e6f9594a4bfe360a46f94eba83"},
    {file = "Pillow-8.3.2-cp37-cp37m-manylinux_2_17_i686.manylinux2014_i686.whl", hash = "sha256:27a330bf7014ee034046db43ccbb05c766aa9e70b8d6c5260bfc38d73103b0ba"},
    {file = "Pillow-8.3.2-cp37-cp37m-manylinux_2_17_x86_64.manylinux2014_x86_64.whl", hash = "sha256:13654b521fb98abdecec105ea3fb5ba863d1548c9b58831dd5105bb3873569f1"},
    {file = "Pillow-8.3.2-cp37-cp37m-manylinux_2_5_i686.manylinux1_i686.whl", hash = "sha256:a1bd983c565f92779be456ece2479840ec39d386007cd4ae83382646293d681b"},
    {file = "Pillow-8.3.2-cp37-cp37m-manylinux_2_5_x86_64.manylinux1_x86_64.whl", hash = "sha256:4326ea1e2722f3dc00ed77c36d3b5354b8fb7399fb59230249ea6d59cbed90da"},
    {file = "Pillow-8.3.2-cp37-cp37m-win32.whl", hash = "sha256:085a90a99404b859a4b6c3daa42afde17cb3ad3115e44a75f0d7b4a32f06a6c9"},
    {file = "Pillow-8.3.2-cp37-cp37m-win_amd64.whl", hash = "sha256:18a07a683805d32826c09acfce44a90bf474e6a66ce482b1c7fcd3757d588df3"},
    {file = "Pillow-8.3.2-cp38-cp38-macosx_10_10_x86_64.whl", hash = "sha256:4e59e99fd680e2b8b11bbd463f3c9450ab799305d5f2bafb74fefba6ac058616"},
    {file = "Pillow-8.3.2-cp38-cp38-macosx_11_0_arm64.whl", hash = "sha256:4d89a2e9219a526401015153c0e9dd48319ea6ab9fe3b066a20aa9aee23d9fd3"},
    {file = "Pillow-8.3.2-cp38-cp38-manylinux_2_17_aarch64.manylinux2014_aarch64.whl", hash = "sha256:56fd98c8294f57636084f4b076b75f86c57b2a63a8410c0cd172bc93695ee979"},
    {file = "Pillow-8.3.2-cp38-cp38-manylinux_2_17_i686.manylinux2014_i686.whl", hash = "sha256:2b11c9d310a3522b0fd3c35667914271f570576a0e387701f370eb39d45f08a4"},
    {file = "Pillow-8.3.2-cp38-cp38-manylinux_2_17_x86_64.manylinux2014_x86_64.whl", hash = "sha256:0412516dcc9de9b0a1e0ae25a280015809de8270f134cc2c1e32c4eeb397cf30"},
    {file = "Pillow-8.3.2-cp38-cp38-manylinux_2_5_i686.manylinux1_i686.whl", hash = "sha256:bcb04ff12e79b28be6c9988f275e7ab69f01cc2ba319fb3114f87817bb7c74b6"},
    {file = "Pillow-8.3.2-cp38-cp38-manylinux_2_5_x86_64.manylinux1_x86_64.whl", hash = "sha256:0b9911ec70731711c3b6ebcde26caea620cbdd9dcb73c67b0730c8817f24711b"},
    {file = "Pillow-8.3.2-cp38-cp38-win32.whl", hash = "sha256:ce2e5e04bb86da6187f96d7bab3f93a7877830981b37f0287dd6479e27a10341"},
    {file = "Pillow-8.3.2-cp38-cp38-win_amd64.whl", hash = "sha256:35d27687f027ad25a8d0ef45dd5208ef044c588003cdcedf05afb00dbc5c2deb"},
    {file = "Pillow-8.3.2-cp39-cp39-macosx_10_10_x86_64.whl", hash = "sha256:04835e68ef12904bc3e1fd002b33eea0779320d4346082bd5b24bec12ad9c3e9"},
    {file = "Pillow-8.3.2-cp39-cp39-macosx_11_0_arm64.whl", hash = "sha256:10e00f7336780ca7d3653cf3ac26f068fa11b5a96894ea29a64d3dc4b810d630"},
    {file = "Pillow-8.3.2-cp39-cp39-manylinux_2_17_aarch64.manylinux2014_aarch64.whl", hash = "sha256:2cde7a4d3687f21cffdf5bb171172070bb95e02af448c4c8b2f223d783214056"},
    {file = "Pillow-8.3.2-cp39-cp39-manylinux_2_17_i686.manylinux2014_i686.whl", hash = "sha256:1c3ff00110835bdda2b1e2b07f4a2548a39744bb7de5946dc8e95517c4fb2ca6"},
    {file = "Pillow-8.3.2-cp39-cp39-manylinux_2_17_x86_64.manylinux2014_x86_64.whl", hash = "sha256:35d409030bf3bd05fa66fb5fdedc39c521b397f61ad04309c90444e893d05f7d"},
    {file = "Pillow-8.3.2-cp39-cp39-manylinux_2_5_i686.manylinux1_i686.whl", hash = "sha256:6bff50ba9891be0a004ef48828e012babaaf7da204d81ab9be37480b9020a82b"},
    {file = "Pillow-8.3.2-cp39-cp39-manylinux_2_5_x86_64.manylinux1_x86_64.whl", hash = "sha256:7dbfbc0020aa1d9bc1b0b8bcf255a7d73f4ad0336f8fd2533fcc54a4ccfb9441"},
    {file = "Pillow-8.3.2-cp39-cp39-win32.whl", hash = "sha256:963ebdc5365d748185fdb06daf2ac758116deecb2277ec5ae98139f93844bc09"},
    {file = "Pillow-8.3.2-cp39-cp39-win_amd64.whl", hash = "sha256:cc9d0dec711c914ed500f1d0d3822868760954dce98dfb0b7382a854aee55d19"},
    {file = "Pillow-8.3.2-pp36-pypy36_pp73-macosx_10_10_x86_64.whl", hash = "sha256:2c661542c6f71dfd9dc82d9d29a8386287e82813b0375b3a02983feac69ef864"},
    {file = "Pillow-8.3.2-pp36-pypy36_pp73-manylinux_2_12_i686.manylinux2010_i686.whl", hash = "sha256:548794f99ff52a73a156771a0402f5e1c35285bd981046a502d7e4793e8facaa"},
    {file = "Pillow-8.3.2-pp36-pypy36_pp73-manylinux_2_12_x86_64.manylinux2010_x86_64.whl", hash = "sha256:8b68f565a4175e12e68ca900af8910e8fe48aaa48fd3ca853494f384e11c8bcd"},
    {file = "Pillow-8.3.2-pp36-pypy36_pp73-manylinux_2_17_i686.manylinux2014_i686.whl", hash = "sha256:838eb85de6d9307c19c655c726f8d13b8b646f144ca6b3771fa62b711ebf7624"},
    {file = "Pillow-8.3.2-pp36-pypy36_pp73-manylinux_2_17_x86_64.manylinux2014_x86_64.whl", hash = "sha256:feb5db446e96bfecfec078b943cc07744cc759893cef045aa8b8b6d6aaa8274e"},
    {file = "Pillow-8.3.2-pp37-pypy37_pp73-macosx_10_10_x86_64.whl", hash = "sha256:fc0db32f7223b094964e71729c0361f93db43664dd1ec86d3df217853cedda87"},
    {file = "Pillow-8.3.2-pp37-pypy37_pp73-manylinux_2_12_i686.manylinux2010_i686.whl", hash = "sha256:fd4fd83aa912d7b89b4b4a1580d30e2a4242f3936882a3f433586e5ab97ed0d5"},
    {file = "Pillow-8.3.2-pp37-pypy37_pp73-manylinux_2_12_x86_64.manylinux2010_x86_64.whl", hash = "sha256:d0c8ebbfd439c37624db98f3877d9ed12c137cadd99dde2d2eae0dab0bbfc355"},
    {file = "Pillow-8.3.2-pp37-pypy37_pp73-manylinux_2_17_i686.manylinux2014_i686.whl", hash = "sha256:6cb3dd7f23b044b0737317f892d399f9e2f0b3a02b22b2c692851fb8120d82c6"},
    {file = "Pillow-8.3.2-pp37-pypy37_pp73-manylinux_2_17_x86_64.manylinux2014_x86_64.whl", hash = "sha256:a66566f8a22561fc1a88dc87606c69b84fa9ce724f99522cf922c801ec68f5c1"},
    {file = "Pillow-8.3.2-pp37-pypy37_pp73-win_amd64.whl", hash = "sha256:ce651ca46d0202c302a535d3047c55a0131a720cf554a578fc1b8a2aff0e7d96"},
    {file = "Pillow-8.3.2.tar.gz", hash = "sha256:dde3f3ed8d00c72631bc19cbfff8ad3b6215062a5eed402381ad365f82f0c18c"},
]
pipe = [
    {file = "pipe-1.6.0-py2.py3-none-any.whl", hash = "sha256:cb89e7c553d819e97fa912afaf592c2553fa7b92c047c47772b4a96ef59c8825"},
    {file = "pipe-1.6.0.tar.gz", hash = "sha256:9bec3a88f8829f5074507795bc633603d61c025c88069f4d865018c721c6aa31"},
]
pudb = [
    {file = "pudb-2019.2.tar.gz", hash = "sha256:e8f0ea01b134d802872184b05bffc82af29a1eb2f9374a277434b932d68f58dc"},
]
pygments = [
    {file = "Pygments-2.6.1-py3-none-any.whl", hash = "sha256:ff7a40b4860b727ab48fad6360eb351cc1b33cbf9b15a0f689ca5353e9463324"},
    {file = "Pygments-2.6.1.tar.gz", hash = "sha256:647344a061c249a3b74e230c739f434d7ea4d8b1d5f3721bc0f3558049b38f44"},
]
pytesseract = [
    {file = "pytesseract-0.3.3.tar.gz", hash = "sha256:1041f83ad3eed768df145d85275bb9a611861d31fcfe30aa4bfeb79d6529b452"},
]
urwid = [
    {file = "urwid-2.1.0.tar.gz", hash = "sha256:0896f36060beb6bf3801cb554303fef336a79661401797551ba106d23ab4cd86"},
]
