
Microsoft Visual Studio Solution File, Format Version 12.00
# Visual Studio 15
VisualStudioVersion = 15.0.28307.168
MinimumVisualStudioVersion = 10.0.40219.1
Project("{9A19103F-16F7-4668-BE54-9A1E7A4F7556}") = "aoc2018", "2018\aoc\aoc2018.csproj", "{DA7B0273-BB54-4E02-9E03-AAD6C141E7EE}"
EndProject
Project("{9A19103F-16F7-4668-BE54-9A1E7A4F7556}") = "libaoc2018", "2018\libaoc\libaoc2018.csproj", "{EBC5C4BF-024E-4F55-A6E5-08484605D0BC}"
EndProject
Project("{FAE04EC0-301F-11D3-BF4B-00C04F79EFBC}") = "libaoc2018.tests", "2018\libaoc.tests\libaoc2018.tests.csproj", "{E7741326-51F3-4043-A175-7398431289F7}"
EndProject
Project("{2150E333-8FDC-42A3-9474-1A3956D46DE8}") = "2018", "2018", "{B8D80C9B-DC63-4BF1-8E5D-B6B30A3381A4}"
EndProject
Project("{2150E333-8FDC-42A3-9474-1A3956D46DE8}") = "2019", "2019", "{29D90B60-8EE5-4482-BFC0-1EC5423293BB}"
EndProject
Project("{FAE04EC0-301F-11D3-BF4B-00C04F79EFBC}") = "aoc2019", "2019\aoc\aoc2019.csproj", "{1C2895A2-62CE-4E29-A769-7C58800C0DE1}"
EndProject
Project("{FAE04EC0-301F-11D3-BF4B-00C04F79EFBC}") = "libaoc2019", "2019\libaoc\libaoc2019.csproj", "{24D402E4-E307-4B89-8F55-8D1006900094}"
EndProject
Project("{FAE04EC0-301F-11D3-BF4B-00C04F79EFBC}") = "libaoc2019.tests", "2019\libaoc.tests\libaoc2019.tests.csproj", "{464B982B-1FB9-4446-AEFC-D9146DE1074D}"
EndProject
Global
	GlobalSection(SolutionConfigurationPlatforms) = preSolution
		Debug|Any CPU = Debug|Any CPU
		Release|Any CPU = Release|Any CPU
	EndGlobalSection
	GlobalSection(ProjectConfigurationPlatforms) = postSolution
		{DA7B0273-BB54-4E02-9E03-AAD6C141E7EE}.Debug|Any CPU.ActiveCfg = Debug|Any CPU
		{DA7B0273-BB54-4E02-9E03-AAD6C141E7EE}.Debug|Any CPU.Build.0 = Debug|Any CPU
		{DA7B0273-BB54-4E02-9E03-AAD6C141E7EE}.Release|Any CPU.ActiveCfg = Release|Any CPU
		{DA7B0273-BB54-4E02-9E03-AAD6C141E7EE}.Release|Any CPU.Build.0 = Release|Any CPU
		{EBC5C4BF-024E-4F55-A6E5-08484605D0BC}.Debug|Any CPU.ActiveCfg = Debug|Any CPU
		{EBC5C4BF-024E-4F55-A6E5-08484605D0BC}.Debug|Any CPU.Build.0 = Debug|Any CPU
		{EBC5C4BF-024E-4F55-A6E5-08484605D0BC}.Release|Any CPU.ActiveCfg = Release|Any CPU
		{EBC5C4BF-024E-4F55-A6E5-08484605D0BC}.Release|Any CPU.Build.0 = Release|Any CPU
		{E7741326-51F3-4043-A175-7398431289F7}.Debug|Any CPU.ActiveCfg = Debug|Any CPU
		{E7741326-51F3-4043-A175-7398431289F7}.Debug|Any CPU.Build.0 = Debug|Any CPU
		{E7741326-51F3-4043-A175-7398431289F7}.Release|Any CPU.ActiveCfg = Release|Any CPU
		{E7741326-51F3-4043-A175-7398431289F7}.Release|Any CPU.Build.0 = Release|Any CPU
		{1C2895A2-62CE-4E29-A769-7C58800C0DE1}.Debug|Any CPU.ActiveCfg = Debug|Any CPU
		{1C2895A2-62CE-4E29-A769-7C58800C0DE1}.Debug|Any CPU.Build.0 = Debug|Any CPU
		{1C2895A2-62CE-4E29-A769-7C58800C0DE1}.Release|Any CPU.ActiveCfg = Release|Any CPU
		{1C2895A2-62CE-4E29-A769-7C58800C0DE1}.Release|Any CPU.Build.0 = Release|Any CPU
		{24D402E4-E307-4B89-8F55-8D1006900094}.Debug|Any CPU.ActiveCfg = Debug|Any CPU
		{24D402E4-E307-4B89-8F55-8D1006900094}.Debug|Any CPU.Build.0 = Debug|Any CPU
		{24D402E4-E307-4B89-8F55-8D1006900094}.Release|Any CPU.ActiveCfg = Release|Any CPU
		{24D402E4-E307-4B89-8F55-8D1006900094}.Release|Any CPU.Build.0 = Release|Any CPU
		{464B982B-1FB9-4446-AEFC-D9146DE1074D}.Debug|Any CPU.ActiveCfg = Debug|Any CPU
		{464B982B-1FB9-4446-AEFC-D9146DE1074D}.Debug|Any CPU.Build.0 = Debug|Any CPU
		{464B982B-1FB9-4446-AEFC-D9146DE1074D}.Release|Any CPU.ActiveCfg = Release|Any CPU
		{464B982B-1FB9-4446-AEFC-D9146DE1074D}.Release|Any CPU.Build.0 = Release|Any CPU
	EndGlobalSection
	GlobalSection(SolutionProperties) = preSolution
		HideSolutionNode = FALSE
	EndGlobalSection
	GlobalSection(ExtensibilityGlobals) = postSolution
		SolutionGuid = {91B6619F-0BFF-4500-B1E7-32B06B433891}
	EndGlobalSection
	GlobalSection(NestedProjects) = preSolution
		{DA7B0273-BB54-4E02-9E03-AAD6C141E7EE} = {B8D80C9B-DC63-4BF1-8E5D-B6B30A3381A4}
		{EBC5C4BF-024E-4F55-A6E5-08484605D0BC} = {B8D80C9B-DC63-4BF1-8E5D-B6B30A3381A4}
		{E7741326-51F3-4043-A175-7398431289F7} = {B8D80C9B-DC63-4BF1-8E5D-B6B30A3381A4}
		{1C2895A2-62CE-4E29-A769-7C58800C0DE1} = {29D90B60-8EE5-4482-BFC0-1EC5423293BB}
		{24D402E4-E307-4B89-8F55-8D1006900094} = {29D90B60-8EE5-4482-BFC0-1EC5423293BB}
		{464B982B-1FB9-4446-AEFC-D9146DE1074D} = {29D90B60-8EE5-4482-BFC0-1EC5423293BB}
	EndGlobalSection
EndGlobal
